
Microsoft Visual Studio Solution File, Format Version 12.00
# Visual Studio 15
VisualStudioVersion = 15.0.28307.168
MinimumVisualStudioVersion = 10.0.40219.1
Project("{FAE04EC0-301F-11D3-BF4B-00C04F79EFBC}") = "W4D1_CSharp_17071623", "W4D1_CSharp_17071623\W4D1_CSharp_17071623.csproj", "{A121CC8F-2817-478E-A68C-F47B1881BCFE}"
EndProject
Global
	GlobalSection(SolutionConfigurationPlatforms) = preSolution
		Debug|Any CPU = Debug|Any CPU
		Release|Any CPU = Release|Any CPU
	EndGlobalSection
	GlobalSection(ProjectConfigurationPlatforms) = postSolution
		{A121CC8F-2817-478E-A68C-F47B1881BCFE}.Debug|Any CPU.ActiveCfg = Debug|Any CPU
		{A121CC8F-2817-478E-A68C-F47B1881BCFE}.Debug|Any CPU.Build.0 = Debug|Any CPU
		{A121CC8F-2817-478E-A68C-F47B1881BCFE}.Release|Any CPU.ActiveCfg = Release|Any CPU
		{A121CC8F-2817-478E-A68C-F47B1881BCFE}.Release|Any CPU.Build.0 = Release|Any CPU
	EndGlobalSection
	GlobalSection(SolutionProperties) = preSolution
		HideSolutionNode = FALSE
	EndGlobalSection
	GlobalSection(ExtensibilityGlobals) = postSolution
		SolutionGuid = {058096F9-C644-4A03-B618-C672E178AB0E}
	EndGlobalSection
EndGlobal
